
Microsoft Visual Studio Solution File, Format Version 12.00
# Visual Studio Version 17
VisualStudioVersion = 17.13.35931.197 d17.13
MinimumVisualStudioVersion = 10.0.40219.1
Project("{888888A0-9F3D-457C-B088-3A5042F75D52}") = "Kalk_terver_1", "Kalk_terver_1\Kalk_terver_1.pyproj", "{C5740086-9C49-4A04-80A5-3CC583F053EE}"
EndProject
Global
	GlobalSection(SolutionConfigurationPlatforms) = preSolution
		Debug|Any CPU = Debug|Any CPU
		Release|Any CPU = Release|Any CPU
	EndGlobalSection
	GlobalSection(ProjectConfigurationPlatforms) = postSolution
		{C5740086-9C49-4A04-80A5-3CC583F053EE}.Debug|Any CPU.ActiveCfg = Debug|Any CPU
		{C5740086-9C49-4A04-80A5-3CC583F053EE}.Release|Any CPU.ActiveCfg = Release|Any CPU
	EndGlobalSection
	GlobalSection(SolutionProperties) = preSolution
		HideSolutionNode = FALSE
	EndGlobalSection
	GlobalSection(ExtensibilityGlobals) = postSolution
		SolutionGuid = {E0378A7C-8D6A-46F9-A758-ACE03202F2DE}
	EndGlobalSection
EndGlobal
